# This file is automatically @generated by Cargo.
# It is not intended for manual editing.
version = 3

[[package]]
name = "core_simd"
version = "0.1.0"
source = "git+https://github.com/rust-lang/portable-simd.git#7c7dbe0c505ccbc02ff30c1e37381ab1d47bf46f"

[[package]]
name = "derive_more"
version = "1.0.0-beta.6"
source = "registry+https://github.com/rust-lang/crates.io-index"
checksum = "f7abbfc297053be59290e3152f8cbcd52c8642e0728b69ee187d991d4c1af08d"
dependencies = [
 "derive_more-impl",
]

[[package]]
name = "derive_more-impl"
version = "1.0.0-beta.6"
source = "registry+https://github.com/rust-lang/crates.io-index"
checksum = "2bba3e9872d7c58ce7ef0fcf1844fcc3e23ef2a58377b50df35dd98e42a5726e"
dependencies = [
 "proc-macro2",
 "quote",
 "syn",
]

[[package]]
name = "proc-macro2"
version = "1.0.76"
source = "registry+https://github.com/rust-lang/crates.io-index"
checksum = "95fc56cda0b5c3325f5fbbd7ff9fda9e02bb00bb3dac51252d2f1bfa1cb8cc8c"
dependencies = [
 "unicode-ident",
]

[[package]]
name = "quote"
version = "1.0.35"
source = "registry+https://github.com/rust-lang/crates.io-index"
checksum = "291ec9ab5efd934aaf503a6466c5d5251535d108ee747472c3977cc5acc868ef"
dependencies = [
 "proc-macro2",
]

[[package]]
name = "sodium_core"
version = "0.1.0"
dependencies = [
 "core_simd",
 "derive_more",
 "sodium_proc_macros",
 "std_float",
]

[[package]]
name = "sodium_proc_macros"
version = "0.0.1"
dependencies = [
 "proc-macro2",
 "quote",
 "syn",
]

[[package]]
name = "std_float"
version = "0.1.0"
source = "git+https://github.com/rust-lang/portable-simd.git#7c7dbe0c505ccbc02ff30c1e37381ab1d47bf46f"
dependencies = [
 "core_simd",
]

[[package]]
name = "syn"
version = "2.0.48"
source = "registry+https://github.com/rust-lang/crates.io-index"
checksum = "0f3531638e407dfc0814761abb7c00a5b54992b849452a0646b7f65c9f770f3f"
dependencies = [
 "proc-macro2",
 "quote",
 "unicode-ident",
]

[[package]]
name = "unicode-ident"
version = "1.0.12"
source = "registry+https://github.com/rust-lang/crates.io-index"
checksum = "3354b9ac3fae1ff6755cb6db53683adb661634f67557942dea4facebec0fee4b"
